
Microsoft Visual Studio Solution File, Format Version 12.00
# Visual Studio 2013
Project("{FAE04EC0-301F-11D3-BF4B-00C04F79EFBC}") = "bombMan.CSharp", "bombMan.CSharp.csproj", "{6E423CA7-5B44-34A0-22AE-E0484DB31C97}"
EndProject
Project("{FAE04EC0-301F-11D3-BF4B-00C04F79EFBC}") = "bombMan.CSharp.Editor", "bombMan.CSharp.Editor.csproj", "{F64E6BBF-C688-5F05-8235-F8716D8A6F23}"
EndProject
Global
	GlobalSection(SolutionConfigurationPlatforms) = preSolution
		Debug|Any CPU = Debug|Any CPU
		Release|Any CPU = Release|Any CPU
	EndGlobalSection
	GlobalSection(ProjectConfigurationPlatforms) = postSolution
		{6E423CA7-5B44-34A0-22AE-E0484DB31C97}.Debug|Any CPU.ActiveCfg = Debug|Any CPU
		{6E423CA7-5B44-34A0-22AE-E0484DB31C97}.Debug|Any CPU.Build.0 = Debug|Any CPU
		{6E423CA7-5B44-34A0-22AE-E0484DB31C97}.Release|Any CPU.ActiveCfg = Release|Any CPU
		{6E423CA7-5B44-34A0-22AE-E0484DB31C97}.Release|Any CPU.Build.0 = Release|Any CPU
		{F64E6BBF-C688-5F05-8235-F8716D8A6F23}.Debug|Any CPU.ActiveCfg = Debug|Any CPU
		{F64E6BBF-C688-5F05-8235-F8716D8A6F23}.Debug|Any CPU.Build.0 = Debug|Any CPU
		{F64E6BBF-C688-5F05-8235-F8716D8A6F23}.Release|Any CPU.ActiveCfg = Release|Any CPU
		{F64E6BBF-C688-5F05-8235-F8716D8A6F23}.Release|Any CPU.Build.0 = Release|Any CPU
	EndGlobalSection
	GlobalSection(SolutionProperties) = preSolution
		HideSolutionNode = FALSE
	EndGlobalSection
EndGlobal
